// !$*UTF8*$!
{
	archiveVersion = 1;
	classes = {
	};
	objectVersion = 46;
	objects = {

/* Begin PBXBuildFile section */
		7E2FC5DE2810E37F0027DC40 /* eopconv.c in Sources */ = {isa = PBXBuildFile; fileRef = 7E2FC5D32810C7F90027DC40 /* eopconv.c */; };
		7E53ED8321B1A83000B22251 /* cagconv.c in Sources */ = {isa = PBXBuildFile; fileRef = 7E53ED8221B1A83000B22251 /* cagconv.c */; };
		7E9EA69126BB331C0077FA4F /* sarconv.c in Sources */ = {isa = PBXBuildFile; fileRef = 7E9EA68426BB2FA40077FA4F /* sarconv.c */; };
		7EA532EF26CC587B00866A4B /* cyclasar.c in Sources */ = {isa = PBXBuildFile; fileRef = 7E46519126CB3D6100BC2198 /* cyclasar.c */; };
		7EA532F226CC58B900866A4B /* libffts.dylib in Frameworks */ = {isa = PBXBuildFile; fileRef = 7EA532F126CC58B900866A4B /* libffts.dylib */; };
/* End PBXBuildFile section */

/* Begin PBXCopyFilesBuildPhase section */
		7E2FC5D82810DAEF0027DC40 /* CopyFiles */ = {
			isa = PBXCopyFilesBuildPhase;
			buildActionMask = 2147483647;
			dstPath = /usr/share/man/man1/;
			dstSubfolderSpec = 0;
			files = (
			);
			runOnlyForDeploymentPostprocessing = 1;
		};
		7E53ED7D21B1A83000B22251 /* CopyFiles */ = {
			isa = PBXCopyFilesBuildPhase;
			buildActionMask = 2147483647;
			dstPath = /usr/share/man/man1/;
			dstSubfolderSpec = 0;
			files = (
			);
			runOnlyForDeploymentPostprocessing = 1;
		};
		7E9EA68926BB2FAE0077FA4F /* CopyFiles */ = {
			isa = PBXCopyFilesBuildPhase;
			buildActionMask = 2147483647;
			dstPath = /usr/share/man/man1/;
			dstSubfolderSpec = 0;
			files = (
			);
			runOnlyForDeploymentPostprocessing = 1;
		};
		7EA532EA26CC581F00866A4B /* CopyFiles */ = {
			isa = PBXCopyFilesBuildPhase;
			buildActionMask = 2147483647;
			dstPath = /usr/share/man/man1/;
			dstSubfolderSpec = 0;
			files = (
			);
			runOnlyForDeploymentPostprocessing = 1;
		};
/* End PBXCopyFilesBuildPhase section */

/* Begin PBXFileReference section */
		7E2FC5D32810C7F90027DC40 /* eopconv.c */ = {isa = PBXFileReference; lastKnownFileType = sourcecode.c.c; path = eopconv.c; sourceTree = "<group>"; };
		7E2FC5DC2810DAEF0027DC40 /* eopconv */ = {isa = PBXFileReference; explicitFileType = "compiled.mach-o.executable"; includeInIndex = 0; path = eopconv; sourceTree = BUILT_PRODUCTS_DIR; };
		7E2FC5DD2810DBA40027DC40 /* eopc01.iau2000.1846-now */ = {isa = PBXFileReference; explicitFileType = text; path = "eopc01.iau2000.1846-now"; sourceTree = "<group>"; };
		7E415E8726BC992900708C39 /* LICENSE */ = {isa = PBXFileReference; lastKnownFileType = text; path = LICENSE; sourceTree = "<group>"; };
		7E415E8826BC992900708C39 /* README.md */ = {isa = PBXFileReference; lastKnownFileType = net.daringfireball.markdown; path = README.md; sourceTree = "<group>"; };
		7E415E8926BC994400708C39 /* .gitignore */ = {isa = PBXFileReference; lastKnownFileType = text; path = .gitignore; sourceTree = "<group>"; };
		7E46519126CB3D6100BC2198 /* cyclasar.c */ = {isa = PBXFileReference; lastKnownFileType = sourcecode.c.c; path = cyclasar.c; sourceTree = "<group>"; };
		7E53ED7F21B1A83000B22251 /* cagconv */ = {isa = PBXFileReference; explicitFileType = "compiled.mach-o.executable"; includeInIndex = 0; path = cagconv; sourceTree = BUILT_PRODUCTS_DIR; };
		7E53ED8221B1A83000B22251 /* cagconv.c */ = {isa = PBXFileReference; lastKnownFileType = sourcecode.c.c; path = cagconv.c; sourceTree = "<group>"; };
		7E9EA68426BB2FA40077FA4F /* sarconv.c */ = {isa = PBXFileReference; lastKnownFileType = sourcecode.c.c; path = sarconv.c; sourceTree = "<group>"; };
		7E9EA68D26BB2FAE0077FA4F /* sarconv */ = {isa = PBXFileReference; explicitFileType = "compiled.mach-o.executable"; includeInIndex = 0; path = sarconv; sourceTree = BUILT_PRODUCTS_DIR; };
		7E9EA68E26BB31120077FA4F /* 1880-2021.csv */ = {isa = PBXFileReference; lastKnownFileType = text; path = "1880-2021.csv"; sourceTree = "<group>"; };
		7E9EA68F26BB31120077FA4F /* gta-1880-2021.tsv */ = {isa = PBXFileReference; lastKnownFileType = text; path = "gta-1880-2021.tsv"; sourceTree = "<group>"; };
		7E9EA69026BB31120077FA4F /* daily_area.txt */ = {isa = PBXFileReference; lastKnownFileType = text; path = daily_area.txt; sourceTree = "<group>"; };
		7E9EA69226BB46FE0077FA4F /* sar-1880-2021.tsv */ = {isa = PBXFileReference; fileEncoding = 4; lastKnownFileType = text; path = "sar-1880-2021.tsv"; sourceTree = "<group>"; };
		7EA532EE26CC581F00866A4B /* cyclasar */ = {isa = PBXFileReference; explicitFileType = "compiled.mach-o.executable"; includeInIndex = 0; path = cyclasar; sourceTree = BUILT_PRODUCTS_DIR; };
		7EA532F126CC58B900866A4B /* libffts.dylib */ = {isa = PBXFileReference; lastKnownFileType = "compiled.mach-o.dylib"; name = libffts.dylib; path = ../../../../../../../usr/local/lib/libffts.dylib; sourceTree = "<group>"; };
		7EB70F3E28122D0200211A5A /* eop-1846-2022.tsv */ = {isa = PBXFileReference; lastKnownFileType = text; path = "eop-1846-2022.tsv"; sourceTree = "<group>"; };
		7EEB2BE726CD7A28003A69E0 /* filtered-sar-1880-2021.tsv */ = {isa = PBXFileReference; lastKnownFileType = text; path = "filtered-sar-1880-2021.tsv"; sourceTree = "<group>"; };
		7EEB2BE826CD7A28003A69E0 /* spectral-sar-1880-2021.tsv */ = {isa = PBXFileReference; lastKnownFileType = text; path = "spectral-sar-1880-2021.tsv"; sourceTree = "<group>"; };
/* End PBXFileReference section */

/* Begin PBXFrameworksBuildPhase section */
		7E2FC5D72810DAEF0027DC40 /* Frameworks */ = {
			isa = PBXFrameworksBuildPhase;
			buildActionMask = 2147483647;
			files = (
			);
			runOnlyForDeploymentPostprocessing = 0;
		};
		7E53ED7C21B1A83000B22251 /* Frameworks */ = {
			isa = PBXFrameworksBuildPhase;
			buildActionMask = 2147483647;
			files = (
			);
			runOnlyForDeploymentPostprocessing = 0;
		};
		7E9EA68826BB2FAE0077FA4F /* Frameworks */ = {
			isa = PBXFrameworksBuildPhase;
			buildActionMask = 2147483647;
			files = (
			);
			runOnlyForDeploymentPostprocessing = 0;
		};
		7EA532E926CC581F00866A4B /* Frameworks */ = {
			isa = PBXFrameworksBuildPhase;
			buildActionMask = 2147483647;
			files = (
				7EA532F226CC58B900866A4B /* libffts.dylib in Frameworks */,
			);
			runOnlyForDeploymentPostprocessing = 0;
		};
/* End PBXFrameworksBuildPhase section */

/* Begin PBXGroup section */
		7E53ED7621B1A83000B22251 = {
			isa = PBXGroup;
			children = (
				7E53ED8221B1A83000B22251 /* cagconv.c */,
				7E9EA68426BB2FA40077FA4F /* sarconv.c */,
				7E46519126CB3D6100BC2198 /* cyclasar.c */,
				7E2FC5D32810C7F90027DC40 /* eopconv.c */,
				7E9EA68E26BB31120077FA4F /* 1880-2021.csv */,
				7E9EA68F26BB31120077FA4F /* gta-1880-2021.tsv */,
				7E9EA69026BB31120077FA4F /* daily_area.txt */,
				7E9EA69226BB46FE0077FA4F /* sar-1880-2021.tsv */,
				7EEB2BE826CD7A28003A69E0 /* spectral-sar-1880-2021.tsv */,
				7EEB2BE726CD7A28003A69E0 /* filtered-sar-1880-2021.tsv */,
				7E2FC5DD2810DBA40027DC40 /* eopc01.iau2000.1846-now */,
				7EB70F3E28122D0200211A5A /* eop-1846-2022.tsv */,
				7E415E8826BC992900708C39 /* README.md */,
				7E415E8726BC992900708C39 /* LICENSE */,
				7E415E8926BC994400708C39 /* .gitignore */,
				7E53ED8021B1A83000B22251 /* Products */,
				7EA532F026CC58B900866A4B /* Frameworks */,
			);
			sourceTree = "<group>";
		};
		7E53ED8021B1A83000B22251 /* Products */ = {
			isa = PBXGroup;
			children = (
				7E53ED7F21B1A83000B22251 /* cagconv */,
				7E9EA68D26BB2FAE0077FA4F /* sarconv */,
				7EA532EE26CC581F00866A4B /* cyclasar */,
				7E2FC5DC2810DAEF0027DC40 /* eopconv */,
			);
			name = Products;
			sourceTree = "<group>";
		};
		7EA532F026CC58B900866A4B /* Frameworks */ = {
			isa = PBXGroup;
			children = (
				7EA532F126CC58B900866A4B /* libffts.dylib */,
			);
			name = Frameworks;
			sourceTree = "<group>";
		};
/* End PBXGroup section */

/* Begin PBXNativeTarget section */
		7E2FC5D42810DAEF0027DC40 /* eopconv */ = {
			isa = PBXNativeTarget;
			buildConfigurationList = 7E2FC5D92810DAEF0027DC40 /* Build configuration list for PBXNativeTarget "eopconv" */;
			buildPhases = (
				7E2FC5D52810DAEF0027DC40 /* Sources */,
				7E2FC5D72810DAEF0027DC40 /* Frameworks */,
				7E2FC5D82810DAEF0027DC40 /* CopyFiles */,
			);
			buildRules = (
			);
			dependencies = (
			);
			name = eopconv;
			productName = hello;
			productReference = 7E2FC5DC2810DAEF0027DC40 /* eopconv */;
			productType = "com.apple.product-type.tool";
		};
		7E53ED7E21B1A83000B22251 /* cagconv */ = {
			isa = PBXNativeTarget;
			buildConfigurationList = 7E53ED8621B1A83000B22251 /* Build configuration list for PBXNativeTarget "cagconv" */;
			buildPhases = (
				7E53ED7B21B1A83000B22251 /* Sources */,
				7E53ED7C21B1A83000B22251 /* Frameworks */,
				7E53ED7D21B1A83000B22251 /* CopyFiles */,
			);
			buildRules = (
			);
			dependencies = (
			);
			name = cagconv;
			productName = hello;
			productReference = 7E53ED7F21B1A83000B22251 /* cagconv */;
			productType = "com.apple.product-type.tool";
		};
		7E9EA68526BB2FAE0077FA4F /* sarconv */ = {
			isa = PBXNativeTarget;
			buildConfigurationList = 7E9EA68A26BB2FAE0077FA4F /* Build configuration list for PBXNativeTarget "sarconv" */;
			buildPhases = (
				7E9EA68626BB2FAE0077FA4F /* Sources */,
				7E9EA68826BB2FAE0077FA4F /* Frameworks */,
				7E9EA68926BB2FAE0077FA4F /* CopyFiles */,
			);
			buildRules = (
			);
			dependencies = (
			);
			name = sarconv;
			productName = hello;
			productReference = 7E9EA68D26BB2FAE0077FA4F /* sarconv */;
			productType = "com.apple.product-type.tool";
		};
		7EA532E626CC581F00866A4B /* cyclasar */ = {
			isa = PBXNativeTarget;
			buildConfigurationList = 7EA532EB26CC581F00866A4B /* Build configuration list for PBXNativeTarget "cyclasar" */;
			buildPhases = (
				7EA532E726CC581F00866A4B /* Sources */,
				7EA532E926CC581F00866A4B /* Frameworks */,
				7EA532EA26CC581F00866A4B /* CopyFiles */,
			);
			buildRules = (
			);
			dependencies = (
			);
			name = cyclasar;
			productName = hello;
			productReference = 7EA532EE26CC581F00866A4B /* cyclasar */;
			productType = "com.apple.product-type.tool";
		};
/* End PBXNativeTarget section */

/* Begin PBXProject section */
		7E53ED7721B1A83000B22251 /* Project object */ = {
			isa = PBXProject;
			attributes = {
				LastUpgradeCheck = 0830;
				ORGANIZATIONNAME = "Obsigna!";
				TargetAttributes = {
					7E53ED7E21B1A83000B22251 = {
						CreatedOnToolsVersion = 8.3.3;
						ProvisioningStyle = Automatic;
					};
				};
			};
			buildConfigurationList = 7E53ED7A21B1A83000B22251 /* Build configuration list for PBXProject "cagconv" */;
			compatibilityVersion = "Xcode 3.2";
			developmentRegion = English;
			hasScannedForEncodings = 0;
			knownRegions = (
				English,
				en,
			);
			mainGroup = 7E53ED7621B1A83000B22251;
			productRefGroup = 7E53ED8021B1A83000B22251 /* Products */;
			projectDirPath = "";
			projectRoot = "";
			targets = (
				7E53ED7E21B1A83000B22251 /* cagconv */,
				7E9EA68526BB2FAE0077FA4F /* sarconv */,
				7EA532E626CC581F00866A4B /* cyclasar */,
				7E2FC5D42810DAEF0027DC40 /* eopconv */,
			);
		};
/* End PBXProject section */

/* Begin PBXSourcesBuildPhase section */
		7E2FC5D52810DAEF0027DC40 /* Sources */ = {
			isa = PBXSourcesBuildPhase;
			buildActionMask = 2147483647;
			files = (
				7E2FC5DE2810E37F0027DC40 /* eopconv.c in Sources */,
			);
			runOnlyForDeploymentPostprocessing = 0;
		};
		7E53ED7B21B1A83000B22251 /* Sources */ = {
			isa = PBXSourcesBuildPhase;
			buildActionMask = 2147483647;
			files = (
				7E53ED8321B1A83000B22251 /* cagconv.c in Sources */,
			);
			runOnlyForDeploymentPostprocessing = 0;
		};
		7E9EA68626BB2FAE0077FA4F /* Sources */ = {
			isa = PBXSourcesBuildPhase;
			buildActionMask = 2147483647;
			files = (
				7E9EA69126BB331C0077FA4F /* sarconv.c in Sources */,
			);
			runOnlyForDeploymentPostprocessing = 0;
		};
		7EA532E726CC581F00866A4B /* Sources */ = {
			isa = PBXSourcesBuildPhase;
			buildActionMask = 2147483647;
			files = (
				7EA532EF26CC587B00866A4B /* cyclasar.c in Sources */,
			);
			runOnlyForDeploymentPostprocessing = 0;
		};
/* End PBXSourcesBuildPhase section */

/* Begin XCBuildConfiguration section */
		7E2FC5DA2810DAEF0027DC40 /* Debug */ = {
			isa = XCBuildConfiguration;
			buildSettings = {
				PRODUCT_NAME = "$(TARGET_NAME)";
			};
			name = Debug;
		};
		7E2FC5DB2810DAEF0027DC40 /* Release */ = {
			isa = XCBuildConfiguration;
			buildSettings = {
				PRODUCT_NAME = "$(TARGET_NAME)";
			};
			name = Release;
		};
		7E53ED8421B1A83000B22251 /* Debug */ = {
			isa = XCBuildConfiguration;
			buildSettings = {
				ALWAYS_SEARCH_USER_PATHS = NO;
				CLANG_ANALYZER_NONNULL = YES;
				CLANG_ANALYZER_NUMBER_OBJECT_CONVERSION = YES_AGGRESSIVE;
				CLANG_CXX_LANGUAGE_STANDARD = "c++0x";
				CLANG_CXX_LIBRARY = "libc++";
				CLANG_WARN_ASSIGN_ENUM = YES;
				CLANG_WARN_BOOL_CONVERSION = YES;
				CLANG_WARN_CONSTANT_CONVERSION = YES;
				CLANG_WARN_DIRECT_OBJC_ISA_USAGE = YES_ERROR;
				CLANG_WARN_DOCUMENTATION_COMMENTS = YES;
				CLANG_WARN_EMPTY_BODY = YES;
				CLANG_WARN_ENUM_CONVERSION = YES;
				CLANG_WARN_INFINITE_RECURSION = YES;
				CLANG_WARN_INT_CONVERSION = YES;
				CLANG_WARN_OBJC_ROOT_CLASS = YES_ERROR;
				CLANG_WARN_SUSPICIOUS_MOVE = YES;
				CLANG_WARN_UNREACHABLE_CODE = YES;
				CLANG_WARN__DUPLICATE_METHOD_MATCH = YES;
				ENABLE_NS_ASSERTIONS = NO;
				GCC_C_LANGUAGE_STANDARD = c11;
				GCC_DYNAMIC_NO_PIC = YES;
				GCC_NO_COMMON_BLOCKS = YES;
				GCC_OPTIMIZATION_LEVEL = 0;
				GCC_PREPROCESSOR_DEFINITIONS = (
					"DEBUG=1",
					"$(inherited)",
				);
				GCC_SYMBOLS_PRIVATE_EXTERN = YES;
				GCC_WARN_64_TO_32_BIT_CONVERSION = YES;
				GCC_WARN_ABOUT_MISSING_FIELD_INITIALIZERS = YES;
				GCC_WARN_ABOUT_MISSING_NEWLINE = YES;
				GCC_WARN_ABOUT_RETURN_TYPE = YES_ERROR;
				GCC_WARN_INITIALIZER_NOT_FULLY_BRACKETED = YES;
				GCC_WARN_MISSING_PARENTHESES = NO;
				GCC_WARN_UNDECLARED_SELECTOR = YES;
				GCC_WARN_UNINITIALIZED_AUTOS = YES_AGGRESSIVE;
				GCC_WARN_UNUSED_FUNCTION = YES;
				GCC_WARN_UNUSED_VARIABLE = YES;
				HEADER_SEARCH_PATHS = /usr/local/include/ffts;
				LIBRARY_SEARCH_PATHS = /usr/local/lib;
				MACOSX_DEPLOYMENT_TARGET = 10.14;
			};
			name = Debug;
		};
		7E53ED8521B1A83000B22251 /* Release */ = {
			isa = XCBuildConfiguration;
			buildSettings = {
				ALWAYS_SEARCH_USER_PATHS = NO;
				CLANG_ANALYZER_NONNULL = YES;
				CLANG_ANALYZER_NUMBER_OBJECT_CONVERSION = YES_AGGRESSIVE;
				CLANG_CXX_LANGUAGE_STANDARD = "c++0x";
				CLANG_CXX_LIBRARY = "libc++";
				CLANG_WARN_ASSIGN_ENUM = YES;
				CLANG_WARN_BOOL_CONVERSION = YES;
				CLANG_WARN_CONSTANT_CONVERSION = YES;
				CLANG_WARN_DIRECT_OBJC_ISA_USAGE = YES_ERROR;
				CLANG_WARN_DOCUMENTATION_COMMENTS = YES;
				CLANG_WARN_EMPTY_BODY = YES;
				CLANG_WARN_ENUM_CONVERSION = YES;
				CLANG_WARN_INFINITE_RECURSION = YES;
				CLANG_WARN_INT_CONVERSION = YES;
				CLANG_WARN_OBJC_ROOT_CLASS = YES_ERROR;
				CLANG_WARN_SUSPICIOUS_MOVE = YES;
				CLANG_WARN_UNREACHABLE_CODE = YES;
				CLANG_WARN__DUPLICATE_METHOD_MATCH = YES;
				ENABLE_NS_ASSERTIONS = NO;
				GCC_C_LANGUAGE_STANDARD = c11;
				GCC_DYNAMIC_NO_PIC = YES;
				GCC_NO_COMMON_BLOCKS = YES;
				GCC_OPTIMIZATION_LEVEL = 3;
				GCC_SYMBOLS_PRIVATE_EXTERN = YES;
				GCC_WARN_64_TO_32_BIT_CONVERSION = YES;
				GCC_WARN_ABOUT_MISSING_FIELD_INITIALIZERS = YES;
				GCC_WARN_ABOUT_MISSING_NEWLINE = YES;
				GCC_WARN_ABOUT_RETURN_TYPE = YES_ERROR;
				GCC_WARN_INITIALIZER_NOT_FULLY_BRACKETED = YES;
				GCC_WARN_MISSING_PARENTHESES = NO;
				GCC_WARN_UNDECLARED_SELECTOR = YES;
				GCC_WARN_UNINITIALIZED_AUTOS = YES_AGGRESSIVE;
				GCC_WARN_UNUSED_FUNCTION = YES;
				GCC_WARN_UNUSED_VARIABLE = YES;
				HEADER_SEARCH_PATHS = /usr/local/include/ffts;
				LIBRARY_SEARCH_PATHS = /usr/local/lib;
				MACOSX_DEPLOYMENT_TARGET = 10.14;
			};
			name = Release;
		};
		7E53ED8721B1A83000B22251 /* Debug */ = {
			isa = XCBuildConfiguration;
			buildSettings = {
				PRODUCT_NAME = "$(TARGET_NAME)";
			};
			name = Debug;
		};
		7E53ED8821B1A83000B22251 /* Release */ = {
			isa = XCBuildConfiguration;
			buildSettings = {
				PRODUCT_NAME = "$(TARGET_NAME)";
			};
			name = Release;
		};
		7E9EA68B26BB2FAE0077FA4F /* Debug */ = {
			isa = XCBuildConfiguration;
			buildSettings = {
				PRODUCT_NAME = "$(TARGET_NAME)";
			};
			name = Debug;
		};
		7E9EA68C26BB2FAE0077FA4F /* Release */ = {
			isa = XCBuildConfiguration;
			buildSettings = {
				PRODUCT_NAME = "$(TARGET_NAME)";
			};
			name = Release;
		};
		7EA532EC26CC581F00866A4B /* Debug */ = {
			isa = XCBuildConfiguration;
			buildSettings = {
				PRODUCT_NAME = "$(TARGET_NAME)";
			};
			name = Debug;
		};
		7EA532ED26CC581F00866A4B /* Release */ = {
			isa = XCBuildConfiguration;
			buildSettings = {
				PRODUCT_NAME = "$(TARGET_NAME)";
			};
			name = Release;
		};
/* End XCBuildConfiguration section */

/* Begin XCConfigurationList section */
		7E2FC5D92810DAEF0027DC40 /* Build configuration list for PBXNativeTarget "eopconv" */ = {
			isa = XCConfigurationList;
			buildConfigurations = (
				7E2FC5DA2810DAEF0027DC40 /* Debug */,
				7E2FC5DB2810DAEF0027DC40 /* Release */,
			);
			defaultConfigurationIsVisible = 0;
			defaultConfigurationName = Release;
		};
		7E53ED7A21B1A83000B22251 /* Build configuration list for PBXProject "cagconv" */ = {
			isa = XCConfigurationList;
			buildConfigurations = (
				7E53ED8421B1A83000B22251 /* Debug */,
				7E53ED8521B1A83000B22251 /* Release */,
			);
			defaultConfigurationIsVisible = 0;
			defaultConfigurationName = Release;
		};
		7E53ED8621B1A83000B22251 /* Build configuration list for PBXNativeTarget "cagconv" */ = {
			isa = XCConfigurationList;
			buildConfigurations = (
				7E53ED8721B1A83000B22251 /* Debug */,
				7E53ED8821B1A83000B22251 /* Release */,
			);
			defaultConfigurationIsVisible = 0;
			defaultConfigurationName = Release;
		};
		7E9EA68A26BB2FAE0077FA4F /* Build configuration list for PBXNativeTarget "sarconv" */ = {
			isa = XCConfigurationList;
			buildConfigurations = (
				7E9EA68B26BB2FAE0077FA4F /* Debug */,
				7E9EA68C26BB2FAE0077FA4F /* Release */,
			);
			defaultConfigurationIsVisible = 0;
			defaultConfigurationName = Release;
		};
		7EA532EB26CC581F00866A4B /* Build configuration list for PBXNativeTarget "cyclasar" */ = {
			isa = XCConfigurationList;
			buildConfigurations = (
				7EA532EC26CC581F00866A4B /* Debug */,
				7EA532ED26CC581F00866A4B /* Release */,
			);
			defaultConfigurationIsVisible = 0;
			defaultConfigurationName = Release;
		};
/* End XCConfigurationList section */
	};
	rootObject = 7E53ED7721B1A83000B22251 /* Project object */;
}
